
Microsoft Visual Studio Solution File, Format Version 12.00
# Visual Studio Version 17
VisualStudioVersion = 17.10.35013.160
MinimumVisualStudioVersion = 10.0.40219.1
Project("{FAE04EC0-301F-11D3-BF4B-00C04F79EFBC}") = "ConsoleApp1", "ConsoleApp1.csproj", "{8BAE2E06-768F-4054-8CCF-83BF913793E7}"
EndProject
Global
	GlobalSection(SolutionConfigurationPlatforms) = preSolution
		Debug|Any CPU = Debug|Any CPU
		Release|Any CPU = Release|Any CPU
	EndGlobalSection
	GlobalSection(ProjectConfigurationPlatforms) = postSolution
		{8BAE2E06-768F-4054-8CCF-83BF913793E7}.Debug|Any CPU.ActiveCfg = Debug|Any CPU
		{8BAE2E06-768F-4054-8CCF-83BF913793E7}.Debug|Any CPU.Build.0 = Debug|Any CPU
		{8BAE2E06-768F-4054-8CCF-83BF913793E7}.Release|Any CPU.ActiveCfg = Release|Any CPU
		{8BAE2E06-768F-4054-8CCF-83BF913793E7}.Release|Any CPU.Build.0 = Release|Any CPU
	EndGlobalSection
	GlobalSection(SolutionProperties) = preSolution
		HideSolutionNode = FALSE
	EndGlobalSection
	GlobalSection(ExtensibilityGlobals) = postSolution
		SolutionGuid = {2E99DBCE-07A8-4284-ACA4-C9336AF58F7F}
	EndGlobalSection
EndGlobal
